
Microsoft Visual Studio Solution File, Format Version 12.00
# Visual Studio Version 17
VisualStudioVersion = 17.7.34024.191
MinimumVisualStudioVersion = 10.0.40219.1
Project("{FAE04EC0-301F-11D3-BF4B-00C04F79EFBC}") = "DZ9", "DZ9.csproj", "{D3DADFF5-4873-44A0-8FED-4FD97D79EEDD}"
EndProject
Global
	GlobalSection(SolutionConfigurationPlatforms) = preSolution
		Debug|Any CPU = Debug|Any CPU
		Release|Any CPU = Release|Any CPU
	EndGlobalSection
	GlobalSection(ProjectConfigurationPlatforms) = postSolution
		{D3DADFF5-4873-44A0-8FED-4FD97D79EEDD}.Debug|Any CPU.ActiveCfg = Debug|Any CPU
		{D3DADFF5-4873-44A0-8FED-4FD97D79EEDD}.Debug|Any CPU.Build.0 = Debug|Any CPU
		{D3DADFF5-4873-44A0-8FED-4FD97D79EEDD}.Release|Any CPU.ActiveCfg = Release|Any CPU
		{D3DADFF5-4873-44A0-8FED-4FD97D79EEDD}.Release|Any CPU.Build.0 = Release|Any CPU
	EndGlobalSection
	GlobalSection(SolutionProperties) = preSolution
		HideSolutionNode = FALSE
	EndGlobalSection
	GlobalSection(ExtensibilityGlobals) = postSolution
		SolutionGuid = {A87CF57F-EF7A-48F8-A061-C5841A716D8B}
	EndGlobalSection
EndGlobal
